
Microsoft Visual Studio Solution File, Format Version 12.00
# Visual Studio 15
VisualStudioVersion = 15.0.26124.0
MinimumVisualStudioVersion = 15.0.26124.0
Project("{FAE04EC0-301F-11D3-BF4B-00C04F79EFBC}") = "POM.Selenium", "src\POM.Selenium\POM.Selenium.csproj", "{EE158A64-BB48-437D-BC98-8386D19A9FA1}"
EndProject
Project("{FAE04EC0-301F-11D3-BF4B-00C04F79EFBC}") = "POM.Selenium.Tests", "tests\POM.Selenium.Tests\POM.Selenium.Tests.csproj", "{5F830E59-23E9-4556-ADC5-7081AF210F4D}"
EndProject
Global
	GlobalSection(SolutionConfigurationPlatforms) = preSolution
		Debug|Any CPU = Debug|Any CPU
		Debug|x64 = Debug|x64
		Debug|x86 = Debug|x86
		Release|Any CPU = Release|Any CPU
		Release|x64 = Release|x64
		Release|x86 = Release|x86
	EndGlobalSection
	GlobalSection(SolutionProperties) = preSolution
		HideSolutionNode = FALSE
	EndGlobalSection
	GlobalSection(ProjectConfigurationPlatforms) = postSolution
		{EE158A64-BB48-437D-BC98-8386D19A9FA1}.Debug|Any CPU.ActiveCfg = Debug|Any CPU
		{EE158A64-BB48-437D-BC98-8386D19A9FA1}.Debug|Any CPU.Build.0 = Debug|Any CPU
		{EE158A64-BB48-437D-BC98-8386D19A9FA1}.Debug|x64.ActiveCfg = Debug|Any CPU
		{EE158A64-BB48-437D-BC98-8386D19A9FA1}.Debug|x64.Build.0 = Debug|Any CPU
		{EE158A64-BB48-437D-BC98-8386D19A9FA1}.Debug|x86.ActiveCfg = Debug|Any CPU
		{EE158A64-BB48-437D-BC98-8386D19A9FA1}.Debug|x86.Build.0 = Debug|Any CPU
		{EE158A64-BB48-437D-BC98-8386D19A9FA1}.Release|Any CPU.ActiveCfg = Release|Any CPU
		{EE158A64-BB48-437D-BC98-8386D19A9FA1}.Release|Any CPU.Build.0 = Release|Any CPU
		{EE158A64-BB48-437D-BC98-8386D19A9FA1}.Release|x64.ActiveCfg = Release|Any CPU
		{EE158A64-BB48-437D-BC98-8386D19A9FA1}.Release|x64.Build.0 = Release|Any CPU
		{EE158A64-BB48-437D-BC98-8386D19A9FA1}.Release|x86.ActiveCfg = Release|Any CPU
		{EE158A64-BB48-437D-BC98-8386D19A9FA1}.Release|x86.Build.0 = Release|Any CPU
		{5F830E59-23E9-4556-ADC5-7081AF210F4D}.Debug|Any CPU.ActiveCfg = Debug|Any CPU
		{5F830E59-23E9-4556-ADC5-7081AF210F4D}.Debug|Any CPU.Build.0 = Debug|Any CPU
		{5F830E59-23E9-4556-ADC5-7081AF210F4D}.Debug|x64.ActiveCfg = Debug|Any CPU
		{5F830E59-23E9-4556-ADC5-7081AF210F4D}.Debug|x64.Build.0 = Debug|Any CPU
		{5F830E59-23E9-4556-ADC5-7081AF210F4D}.Debug|x86.ActiveCfg = Debug|Any CPU
		{5F830E59-23E9-4556-ADC5-7081AF210F4D}.Debug|x86.Build.0 = Debug|Any CPU
		{5F830E59-23E9-4556-ADC5-7081AF210F4D}.Release|Any CPU.ActiveCfg = Release|Any CPU
		{5F830E59-23E9-4556-ADC5-7081AF210F4D}.Release|Any CPU.Build.0 = Release|Any CPU
		{5F830E59-23E9-4556-ADC5-7081AF210F4D}.Release|x64.ActiveCfg = Release|Any CPU
		{5F830E59-23E9-4556-ADC5-7081AF210F4D}.Release|x64.Build.0 = Release|Any CPU
		{5F830E59-23E9-4556-ADC5-7081AF210F4D}.Release|x86.ActiveCfg = Release|Any CPU
		{5F830E59-23E9-4556-ADC5-7081AF210F4D}.Release|x86.Build.0 = Release|Any CPU
	EndGlobalSection
EndGlobal
